
Microsoft Visual Studio Solution File, Format Version 12.00
# Visual Studio 15
VisualStudioVersion = 15.0.27130.0
MinimumVisualStudioVersion = 10.0.40219.1
Project("{FAE04EC0-301F-11D3-BF4B-00C04F79EFBC}") = "WellApp.Domain", "WellApp.Domain\WellApp.Domain.csproj", "{5DFD557C-5F6A-4255-8788-413B42440973}"
EndProject
Project("{FAE04EC0-301F-11D3-BF4B-00C04F79EFBC}") = "WellApp.Data", "WellApp.Data\WellApp.Data.csproj", "{F9465816-494C-4715-A545-FCD78C3DD85C}"
EndProject
Project("{FAE04EC0-301F-11D3-BF4B-00C04F79EFBC}") = "WellApp.UI", "WellApp.UI\WellApp.UI.csproj", "{42CFFAA8-12BA-449D-9D2B-08B4861EEEE9}"
EndProject
Project("{FAE04EC0-301F-11D3-BF4B-00C04F79EFBC}") = "WellApp.Repo.Text", "WellApp.Repo.Text\WellApp.Repo.Text.csproj", "{1A1C2E49-F370-4577-AAAB-C7C0DF36DE88}"
EndProject
Project("{FAE04EC0-301F-11D3-BF4B-00C04F79EFBC}") = "WellApp.XUnit", "WellApp.XUnit\WellApp.XUnit.csproj", "{94620CD0-9255-4784-8EE5-DF74D0B168EE}"
EndProject
Global
	GlobalSection(SolutionConfigurationPlatforms) = preSolution
		Debug|Any CPU = Debug|Any CPU
		Release|Any CPU = Release|Any CPU
	EndGlobalSection
	GlobalSection(ProjectConfigurationPlatforms) = postSolution
		{5DFD557C-5F6A-4255-8788-413B42440973}.Debug|Any CPU.ActiveCfg = Debug|Any CPU
		{5DFD557C-5F6A-4255-8788-413B42440973}.Debug|Any CPU.Build.0 = Debug|Any CPU
		{5DFD557C-5F6A-4255-8788-413B42440973}.Release|Any CPU.ActiveCfg = Release|Any CPU
		{5DFD557C-5F6A-4255-8788-413B42440973}.Release|Any CPU.Build.0 = Release|Any CPU
		{F9465816-494C-4715-A545-FCD78C3DD85C}.Debug|Any CPU.ActiveCfg = Debug|Any CPU
		{F9465816-494C-4715-A545-FCD78C3DD85C}.Debug|Any CPU.Build.0 = Debug|Any CPU
		{F9465816-494C-4715-A545-FCD78C3DD85C}.Release|Any CPU.ActiveCfg = Release|Any CPU
		{F9465816-494C-4715-A545-FCD78C3DD85C}.Release|Any CPU.Build.0 = Release|Any CPU
		{42CFFAA8-12BA-449D-9D2B-08B4861EEEE9}.Debug|Any CPU.ActiveCfg = Debug|Any CPU
		{42CFFAA8-12BA-449D-9D2B-08B4861EEEE9}.Debug|Any CPU.Build.0 = Debug|Any CPU
		{42CFFAA8-12BA-449D-9D2B-08B4861EEEE9}.Release|Any CPU.ActiveCfg = Release|Any CPU
		{42CFFAA8-12BA-449D-9D2B-08B4861EEEE9}.Release|Any CPU.Build.0 = Release|Any CPU
		{1A1C2E49-F370-4577-AAAB-C7C0DF36DE88}.Debug|Any CPU.ActiveCfg = Debug|Any CPU
		{1A1C2E49-F370-4577-AAAB-C7C0DF36DE88}.Debug|Any CPU.Build.0 = Debug|Any CPU
		{1A1C2E49-F370-4577-AAAB-C7C0DF36DE88}.Release|Any CPU.ActiveCfg = Release|Any CPU
		{1A1C2E49-F370-4577-AAAB-C7C0DF36DE88}.Release|Any CPU.Build.0 = Release|Any CPU
		{94620CD0-9255-4784-8EE5-DF74D0B168EE}.Debug|Any CPU.ActiveCfg = Debug|Any CPU
		{94620CD0-9255-4784-8EE5-DF74D0B168EE}.Debug|Any CPU.Build.0 = Debug|Any CPU
		{94620CD0-9255-4784-8EE5-DF74D0B168EE}.Release|Any CPU.ActiveCfg = Release|Any CPU
		{94620CD0-9255-4784-8EE5-DF74D0B168EE}.Release|Any CPU.Build.0 = Release|Any CPU
	EndGlobalSection
	GlobalSection(SolutionProperties) = preSolution
		HideSolutionNode = FALSE
	EndGlobalSection
	GlobalSection(ExtensibilityGlobals) = postSolution
		SolutionGuid = {A239EA63-007E-4C52-A7D4-FD144054132B}
	EndGlobalSection
EndGlobal
